// !$*UTF8*$!
{
	archiveVersion = 1;
	classes = {
	};
	objectVersion = 46;
	objects = {

/* Begin PBXBuildFile section */
		14109DF217C53A5B00B643E2 /* UIKit.framework in Frameworks */ = {isa = PBXBuildFile; fileRef = 14109DF117C53A5B00B643E2 /* UIKit.framework */; };
		14109DF417C53A5B00B643E2 /* Foundation.framework in Frameworks */ = {isa = PBXBuildFile; fileRef = 14109DF317C53A5B00B643E2 /* Foundation.framework */; };
		14109DF617C53A5C00B643E2 /* CoreGraphics.framework in Frameworks */ = {isa = PBXBuildFile; fileRef = 14109DF517C53A5B00B643E2 /* CoreGraphics.framework */; };
		14109DFC17C53A5C00B643E2 /* InfoPlist.strings in Resources */ = {isa = PBXBuildFile; fileRef = 14109DFA17C53A5C00B643E2 /* InfoPlist.strings */; };
		14109DFE17C53A5C00B643E2 /* main.m in Sources */ = {isa = PBXBuildFile; fileRef = 14109DFD17C53A5C00B643E2 /* main.m */; };
		14109E0217C53A5C00B643E2 /* pianAppDelegate.m in Sources */ = {isa = PBXBuildFile; fileRef = 14109E0117C53A5C00B643E2 /* pianAppDelegate.m */; };
		14109E0417C53A5C00B643E2 /* Default.png in Resources */ = {isa = PBXBuildFile; fileRef = 14109E0317C53A5C00B643E2 /* Default.png */; };
		14109E0617C53A5C00B643E2 /* Default@2x.png in Resources */ = {isa = PBXBuildFile; fileRef = 14109E0517C53A5C00B643E2 /* Default@2x.png */; };
		14109E0817C53A5C00B643E2 /* Default-568h@2x.png in Resources */ = {isa = PBXBuildFile; fileRef = 14109E0717C53A5C00B643E2 /* Default-568h@2x.png */; };
		14109E0B17C53A5C00B643E2 /* pianViewController.m in Sources */ = {isa = PBXBuildFile; fileRef = 14109E0A17C53A5C00B643E2 /* pianViewController.m */; };
		14109E0E17C53A5C00B643E2 /* pianViewController.xib in Resources */ = {isa = PBXBuildFile; fileRef = 14109E0C17C53A5C00B643E2 /* pianViewController.xib */; };
/* End PBXBuildFile section */

/* Begin PBXFileReference section */
		14109DEE17C53A5B00B643E2 /* DePic.app */ = {isa = PBXFileReference; explicitFileType = wrapper.application; includeInIndex = 0; path = DePic.app; sourceTree = BUILT_PRODUCTS_DIR; };
		14109DF117C53A5B00B643E2 /* UIKit.framework */ = {isa = PBXFileReference; lastKnownFileType = wrapper.framework; name = UIKit.framework; path = System/Library/Frameworks/UIKit.framework; sourceTree = SDKROOT; };
		14109DF317C53A5B00B643E2 /* Foundation.framework */ = {isa = PBXFileReference; lastKnownFileType = wrapper.framework; name = Foundation.framework; path = System/Library/Frameworks/Foundation.framework; sourceTree = SDKROOT; };
		14109DF517C53A5B00B643E2 /* CoreGraphics.framework */ = {isa = PBXFileReference; lastKnownFileType = wrapper.framework; name = CoreGraphics.framework; path = System/Library/Frameworks/CoreGraphics.framework; sourceTree = SDKROOT; };
		14109DF917C53A5C00B643E2 /* DePic-Info.plist */ = {isa = PBXFileReference; lastKnownFileType = text.plist.xml; path = "DePic-Info.plist"; sourceTree = "<group>"; };
		14109DFB17C53A5C00B643E2 /* en */ = {isa = PBXFileReference; lastKnownFileType = text.plist.strings; name = en; path = en.lproj/InfoPlist.strings; sourceTree = "<group>"; };
		14109DFD17C53A5C00B643E2 /* main.m */ = {isa = PBXFileReference; lastKnownFileType = sourcecode.c.objc; path = main.m; sourceTree = "<group>"; };
		14109DFF17C53A5C00B643E2 /* DePic-Prefix.pch */ = {isa = PBXFileReference; lastKnownFileType = sourcecode.c.h; path = "DePic-Prefix.pch"; sourceTree = "<group>"; };
		14109E0017C53A5C00B643E2 /* pianAppDelegate.h */ = {isa = PBXFileReference; lastKnownFileType = sourcecode.c.h; path = pianAppDelegate.h; sourceTree = "<group>"; };
		14109E0117C53A5C00B643E2 /* pianAppDelegate.m */ = {isa = PBXFileReference; lastKnownFileType = sourcecode.c.objc; path = pianAppDelegate.m; sourceTree = "<group>"; };
		14109E0317C53A5C00B643E2 /* Default.png */ = {isa = PBXFileReference; lastKnownFileType = image.png; path = Default.png; sourceTree = "<group>"; };
		14109E0517C53A5C00B643E2 /* Default@2x.png */ = {isa = PBXFileReference; lastKnownFileType = image.png; path = "Default@2x.png"; sourceTree = "<group>"; };
		14109E0717C53A5C00B643E2 /* Default-568h@2x.png */ = {isa = PBXFileReference; lastKnownFileType = image.png; path = "Default-568h@2x.png"; sourceTree = "<group>"; };
		14109E0917C53A5C00B643E2 /* pianViewController.h */ = {isa = PBXFileReference; lastKnownFileType = sourcecode.c.h; path = pianViewController.h; sourceTree = "<group>"; };
		14109E0A17C53A5C00B643E2 /* pianViewController.m */ = {isa = PBXFileReference; lastKnownFileType = sourcecode.c.objc; path = pianViewController.m; sourceTree = "<group>"; };
		14109E0D17C53A5C00B643E2 /* en */ = {isa = PBXFileReference; lastKnownFileType = file.xib; name = en; path = en.lproj/pianViewController.xib; sourceTree = "<group>"; };
/* End PBXFileReference section */

/* Begin PBXFrameworksBuildPhase section */
		14109DEB17C53A5B00B643E2 /* Frameworks */ = {
			isa = PBXFrameworksBuildPhase;
			buildActionMask = 2147483647;
			files = (
				14109DF217C53A5B00B643E2 /* UIKit.framework in Frameworks */,
				14109DF417C53A5B00B643E2 /* Foundation.framework in Frameworks */,
				14109DF617C53A5C00B643E2 /* CoreGraphics.framework in Frameworks */,
			);
			runOnlyForDeploymentPostprocessing = 0;
		};
/* End PBXFrameworksBuildPhase section */

/* Begin PBXGroup section */
		14109DE517C53A5B00B643E2 = {
			isa = PBXGroup;
			children = (
				14109DF717C53A5C00B643E2 /* DePic */,
				14109DF017C53A5B00B643E2 /* Frameworks */,
				14109DEF17C53A5B00B643E2 /* Products */,
			);
			sourceTree = "<group>";
		};
		14109DEF17C53A5B00B643E2 /* Products */ = {
			isa = PBXGroup;
			children = (
				14109DEE17C53A5B00B643E2 /* DePic.app */,
			);
			name = Products;
			sourceTree = "<group>";
		};
		14109DF017C53A5B00B643E2 /* Frameworks */ = {
			isa = PBXGroup;
			children = (
				14109DF117C53A5B00B643E2 /* UIKit.framework */,
				14109DF317C53A5B00B643E2 /* Foundation.framework */,
				14109DF517C53A5B00B643E2 /* CoreGraphics.framework */,
			);
			name = Frameworks;
			sourceTree = "<group>";
		};
		14109DF717C53A5C00B643E2 /* DePic */ = {
			isa = PBXGroup;
			children = (
				14109E0017C53A5C00B643E2 /* pianAppDelegate.h */,
				14109E0117C53A5C00B643E2 /* pianAppDelegate.m */,
				14109E0917C53A5C00B643E2 /* pianViewController.h */,
				14109E0A17C53A5C00B643E2 /* pianViewController.m */,
				14109E0C17C53A5C00B643E2 /* pianViewController.xib */,
				14109DF817C53A5C00B643E2 /* Supporting Files */,
			);
			path = DePic;
			sourceTree = "<group>";
		};
		14109DF817C53A5C00B643E2 /* Supporting Files */ = {
			isa = PBXGroup;
			children = (
				14109DF917C53A5C00B643E2 /* DePic-Info.plist */,
				14109DFA17C53A5C00B643E2 /* InfoPlist.strings */,
				14109DFD17C53A5C00B643E2 /* main.m */,
				14109DFF17C53A5C00B643E2 /* DePic-Prefix.pch */,
				14109E0317C53A5C00B643E2 /* Default.png */,
				14109E0517C53A5C00B643E2 /* Default@2x.png */,
				14109E0717C53A5C00B643E2 /* Default-568h@2x.png */,
			);
			name = "Supporting Files";
			sourceTree = "<group>";
		};
/* End PBXGroup section */

/* Begin PBXNativeTarget section */
		14109DED17C53A5B00B643E2 /* DePic */ = {
			isa = PBXNativeTarget;
			buildConfigurationList = 14109E1117C53A5C00B643E2 /* Build configuration list for PBXNativeTarget "DePic" */;
			buildPhases = (
				14109DEA17C53A5B00B643E2 /* Sources */,
				14109DEB17C53A5B00B643E2 /* Frameworks */,
				14109DEC17C53A5B00B643E2 /* Resources */,
			);
			buildRules = (
			);
			dependencies = (
			);
			name = DePic;
			productName = DePic;
			productReference = 14109DEE17C53A5B00B643E2 /* DePic.app */;
			productType = "com.apple.product-type.application";
		};
/* End PBXNativeTarget section */

/* Begin PBXProject section */
		14109DE617C53A5B00B643E2 /* Project object */ = {
			isa = PBXProject;
			attributes = {
				CLASSPREFIX = pian;
				LastUpgradeCheck = 0460;
				ORGANIZATIONNAME = "Pian Ji";
			};
			buildConfigurationList = 14109DE917C53A5B00B643E2 /* Build configuration list for PBXProject "DePic" */;
			compatibilityVersion = "Xcode 3.2";
			developmentRegion = English;
			hasScannedForEncodings = 0;
			knownRegions = (
				en,
			);
			mainGroup = 14109DE517C53A5B00B643E2;
			productRefGroup = 14109DEF17C53A5B00B643E2 /* Products */;
			projectDirPath = "";
			projectRoot = "";
			targets = (
				14109DED17C53A5B00B643E2 /* DePic */,
			);
		};
/* End PBXProject section */

/* Begin PBXResourcesBuildPhase section */
		14109DEC17C53A5B00B643E2 /* Resources */ = {
			isa = PBXResourcesBuildPhase;
			buildActionMask = 2147483647;
			files = (
				14109DFC17C53A5C00B643E2 /* InfoPlist.strings in Resources */,
				14109E0417C53A5C00B643E2 /* Default.png in Resources */,
				14109E0617C53A5C00B643E2 /* Default@2x.png in Resources */,
				14109E0817C53A5C00B643E2 /* Default-568h@2x.png in Resources */,
				14109E0E17C53A5C00B643E2 /* pianViewController.xib in Resources */,
			);
			runOnlyForDeploymentPostprocessing = 0;
		};
/* End PBXResourcesBuildPhase section */

/* Begin PBXSourcesBuildPhase section */
		14109DEA17C53A5B00B643E2 /* Sources */ = {
			isa = PBXSourcesBuildPhase;
			buildActionMask = 2147483647;
			files = (
				14109DFE17C53A5C00B643E2 /* main.m in Sources */,
				14109E0217C53A5C00B643E2 /* pianAppDelegate.m in Sources */,
				14109E0B17C53A5C00B643E2 /* pianViewController.m in Sources */,
			);
			runOnlyForDeploymentPostprocessing = 0;
		};
/* End PBXSourcesBuildPhase section */

/* Begin PBXVariantGroup section */
		14109DFA17C53A5C00B643E2 /* InfoPlist.strings */ = {
			isa = PBXVariantGroup;
			children = (
				14109DFB17C53A5C00B643E2 /* en */,
			);
			name = InfoPlist.strings;
			sourceTree = "<group>";
		};
		14109E0C17C53A5C00B643E2 /* pianViewController.xib */ = {
			isa = PBXVariantGroup;
			children = (
				14109E0D17C53A5C00B643E2 /* en */,
			);
			name = pianViewController.xib;
			sourceTree = "<group>";
		};
/* End PBXVariantGroup section */

/* Begin XCBuildConfiguration section */
		14109E0F17C53A5C00B643E2 /* Debug */ = {
			isa = XCBuildConfiguration;
			buildSettings = {
				ALWAYS_SEARCH_USER_PATHS = NO;
				CLANG_CXX_LANGUAGE_STANDARD = "gnu++0x";
				CLANG_CXX_LIBRARY = "libc++";
				CLANG_WARN_CONSTANT_CONVERSION = YES;
				CLANG_WARN_EMPTY_BODY = YES;
				CLANG_WARN_ENUM_CONVERSION = YES;
				CLANG_WARN_INT_CONVERSION = YES;
				CLANG_WARN__DUPLICATE_METHOD_MATCH = YES;
				"CODE_SIGN_IDENTITY[sdk=iphoneos*]" = "iPhone Developer";
				COPY_PHASE_STRIP = NO;
				GCC_C_LANGUAGE_STANDARD = gnu99;
				GCC_DYNAMIC_NO_PIC = NO;
				GCC_OPTIMIZATION_LEVEL = 0;
				GCC_PREPROCESSOR_DEFINITIONS = (
					"DEBUG=1",
					"$(inherited)",
				);
				GCC_SYMBOLS_PRIVATE_EXTERN = NO;
				GCC_WARN_ABOUT_RETURN_TYPE = YES;
				GCC_WARN_UNINITIALIZED_AUTOS = YES;
				GCC_WARN_UNUSED_VARIABLE = YES;
				IPHONEOS_DEPLOYMENT_TARGET = 6.1;
				ONLY_ACTIVE_ARCH = YES;
				SDKROOT = iphoneos;
			};
			name = Debug;
		};
		14109E1017C53A5C00B643E2 /* Release */ = {
			isa = XCBuildConfiguration;
			buildSettings = {
				ALWAYS_SEARCH_USER_PATHS = NO;
				CLANG_CXX_LANGUAGE_STANDARD = "gnu++0x";
				CLANG_CXX_LIBRARY = "libc++";
				CLANG_WARN_CONSTANT_CONVERSION = YES;
				CLANG_WARN_EMPTY_BODY = YES;
				CLANG_WARN_ENUM_CONVERSION = YES;
				CLANG_WARN_INT_CONVERSION = YES;
				CLANG_WARN__DUPLICATE_METHOD_MATCH = YES;
				"CODE_SIGN_IDENTITY[sdk=iphoneos*]" = "iPhone Developer";
				COPY_PHASE_STRIP = YES;
				GCC_C_LANGUAGE_STANDARD = gnu99;
				GCC_WARN_ABOUT_RETURN_TYPE = YES;
				GCC_WARN_UNINITIALIZED_AUTOS = YES;
				GCC_WARN_UNUSED_VARIABLE = YES;
				IPHONEOS_DEPLOYMENT_TARGET = 6.1;
				OTHER_CFLAGS = "-DNS_BLOCK_ASSERTIONS=1";
				SDKROOT = iphoneos;
				VALIDATE_PRODUCT = YES;
			};
			name = Release;
		};
		14109E1217C53A5C00B643E2 /* Debug */ = {
			isa = XCBuildConfiguration;
			buildSettings = {
				GCC_PRECOMPILE_PREFIX_HEADER = YES;
				GCC_PREFIX_HEADER = "DePic/DePic-Prefix.pch";
				INFOPLIST_FILE = "DePic/DePic-Info.plist";
				PRODUCT_NAME = "$(TARGET_NAME)";
				WRAPPER_EXTENSION = app;
			};
			name = Debug;
		};
		14109E1317C53A5C00B643E2 /* Release */ = {
			isa = XCBuildConfiguration;
			buildSettings = {
				GCC_PRECOMPILE_PREFIX_HEADER = YES;
				GCC_PREFIX_HEADER = "DePic/DePic-Prefix.pch";
				INFOPLIST_FILE = "DePic/DePic-Info.plist";
				PRODUCT_NAME = "$(TARGET_NAME)";
				WRAPPER_EXTENSION = app;
			};
			name = Release;
		};
/* End XCBuildConfiguration section */

/* Begin XCConfigurationList section */
		14109DE917C53A5B00B643E2 /* Build configuration list for PBXProject "DePic" */ = {
			isa = XCConfigurationList;
			buildConfigurations = (
				14109E0F17C53A5C00B643E2 /* Debug */,
				14109E1017C53A5C00B643E2 /* Release */,
			);
			defaultConfigurationIsVisible = 0;
			defaultConfigurationName = Release;
		};
		14109E1117C53A5C00B643E2 /* Build configuration list for PBXNativeTarget "DePic" */ = {
			isa = XCConfigurationList;
			buildConfigurations = (
				14109E1217C53A5C00B643E2 /* Debug */,
				14109E1317C53A5C00B643E2 /* Release */,
			);
			defaultConfigurationIsVisible = 0;
		};
/* End XCConfigurationList section */
	};
	rootObject = 14109DE617C53A5B00B643E2 /* Project object */;
}
